
Microsoft Visual Studio Solution File, Format Version 12.00
# Visual Studio Version 17
VisualStudioVersion = 17.12.35527.113
MinimumVisualStudioVersion = 10.0.40219.1
Project("{FAE04EC0-301F-11D3-BF4B-00C04F79EFBC}") = "Main", "Main\Main.csproj", "{2AFBCE61-029B-4AA4-8F76-D43199556E14}"
EndProject
Project("{FAE04EC0-301F-11D3-BF4B-00C04F79EFBC}") = "Repository", "Repository\Repository.csproj", "{90A58167-B190-4ED2-A286-77759F80967D}"
EndProject
Project("{FAE04EC0-301F-11D3-BF4B-00C04F79EFBC}") = "Service", "Service\Service.csproj", "{52AE40A2-48AD-42E5-9A24-D5D2013B558D}"
EndProject
Project("{FAE04EC0-301F-11D3-BF4B-00C04F79EFBC}") = "Contract", "Contract\Contract.csproj", "{4F074096-3383-44CC-8368-56747AE99CC7}"
EndProject
Project("{FAE04EC0-301F-11D3-BF4B-00C04F79EFBC}") = "Main.Tests", "Main.Tests\Main.Tests.csproj", "{338F2304-1088-4EA2-8919-015555E28DA6}"
EndProject
Global
	GlobalSection(SolutionConfigurationPlatforms) = preSolution
		Debug|Any CPU = Debug|Any CPU
		Release|Any CPU = Release|Any CPU
	EndGlobalSection
	GlobalSection(ProjectConfigurationPlatforms) = postSolution
		{2AFBCE61-029B-4AA4-8F76-D43199556E14}.Debug|Any CPU.ActiveCfg = Debug|Any CPU
		{2AFBCE61-029B-4AA4-8F76-D43199556E14}.Debug|Any CPU.Build.0 = Debug|Any CPU
		{2AFBCE61-029B-4AA4-8F76-D43199556E14}.Release|Any CPU.ActiveCfg = Release|Any CPU
		{2AFBCE61-029B-4AA4-8F76-D43199556E14}.Release|Any CPU.Build.0 = Release|Any CPU
		{90A58167-B190-4ED2-A286-77759F80967D}.Debug|Any CPU.ActiveCfg = Debug|Any CPU
		{90A58167-B190-4ED2-A286-77759F80967D}.Debug|Any CPU.Build.0 = Debug|Any CPU
		{90A58167-B190-4ED2-A286-77759F80967D}.Release|Any CPU.ActiveCfg = Release|Any CPU
		{90A58167-B190-4ED2-A286-77759F80967D}.Release|Any CPU.Build.0 = Release|Any CPU
		{52AE40A2-48AD-42E5-9A24-D5D2013B558D}.Debug|Any CPU.ActiveCfg = Debug|Any CPU
		{52AE40A2-48AD-42E5-9A24-D5D2013B558D}.Debug|Any CPU.Build.0 = Debug|Any CPU
		{52AE40A2-48AD-42E5-9A24-D5D2013B558D}.Release|Any CPU.ActiveCfg = Release|Any CPU
		{52AE40A2-48AD-42E5-9A24-D5D2013B558D}.Release|Any CPU.Build.0 = Release|Any CPU
		{4F074096-3383-44CC-8368-56747AE99CC7}.Debug|Any CPU.ActiveCfg = Debug|Any CPU
		{4F074096-3383-44CC-8368-56747AE99CC7}.Debug|Any CPU.Build.0 = Debug|Any CPU
		{4F074096-3383-44CC-8368-56747AE99CC7}.Release|Any CPU.ActiveCfg = Release|Any CPU
		{4F074096-3383-44CC-8368-56747AE99CC7}.Release|Any CPU.Build.0 = Release|Any CPU
		{338F2304-1088-4EA2-8919-015555E28DA6}.Debug|Any CPU.ActiveCfg = Debug|Any CPU
		{338F2304-1088-4EA2-8919-015555E28DA6}.Debug|Any CPU.Build.0 = Debug|Any CPU
		{338F2304-1088-4EA2-8919-015555E28DA6}.Release|Any CPU.ActiveCfg = Release|Any CPU
		{338F2304-1088-4EA2-8919-015555E28DA6}.Release|Any CPU.Build.0 = Release|Any CPU
	EndGlobalSection
	GlobalSection(SolutionProperties) = preSolution
		HideSolutionNode = FALSE
	EndGlobalSection
	GlobalSection(ExtensibilityGlobals) = postSolution
		SolutionGuid = {DDD9CE8F-FB7C-4125-AD63-A5850C069C87}
	EndGlobalSection
EndGlobal
